
Microsoft Visual Studio Solution File, Format Version 12.00
# Visual Studio Version 17
VisualStudioVersion = 17.7.34024.191
MinimumVisualStudioVersion = 10.0.40219.1
Project("{FAE04EC0-301F-11D3-BF4B-00C04F79EFBC}") = "rock_paper_scissors", "rock_paper_scissors.csproj", "{9ED82DCB-1590-4338-9EE0-383C276427F4}"
EndProject
Global
	GlobalSection(SolutionConfigurationPlatforms) = preSolution
		Debug|Any CPU = Debug|Any CPU
		Release|Any CPU = Release|Any CPU
	EndGlobalSection
	GlobalSection(ProjectConfigurationPlatforms) = postSolution
		{9ED82DCB-1590-4338-9EE0-383C276427F4}.Debug|Any CPU.ActiveCfg = Debug|Any CPU
		{9ED82DCB-1590-4338-9EE0-383C276427F4}.Debug|Any CPU.Build.0 = Debug|Any CPU
		{9ED82DCB-1590-4338-9EE0-383C276427F4}.Release|Any CPU.ActiveCfg = Release|Any CPU
		{9ED82DCB-1590-4338-9EE0-383C276427F4}.Release|Any CPU.Build.0 = Release|Any CPU
	EndGlobalSection
	GlobalSection(SolutionProperties) = preSolution
		HideSolutionNode = FALSE
	EndGlobalSection
	GlobalSection(ExtensibilityGlobals) = postSolution
		SolutionGuid = {BCA1089F-1F87-4DF5-8C34-FB8257430B92}
	EndGlobalSection
EndGlobal
